
Microsoft Visual Studio Solution File, Format Version 12.00
# Visual Studio Version 16
VisualStudioVersion = 16.0.30104.148
MinimumVisualStudioVersion = 10.0.40219.1
Project("{FAE04EC0-301F-11D3-BF4B-00C04F79EFBC}") = "ironide", "src\ironide.csproj", "{8F9645F7-3810-4C22-A2E6-0F46EA36DEFE}"
EndProject
Project("{2150E333-8FDC-42A3-9474-1A3956D46DE8}") = "src", "src", "{C62A48C2-F20A-4DC8-AB00-426ECDE2BA4B}"
EndProject
Project("{2150E333-8FDC-42A3-9474-1A3956D46DE8}") = "solution", "solution", "{659DB52E-0D14-452A-95DC-EB73217B6291}"
	ProjectSection(SolutionItems) = preProject
		.gitattributes = .gitattributes
		.gitignore = .gitignore
	EndProjectSection
EndProject
Project("{FAE04EC0-301F-11D3-BF4B-00C04F79EFBC}") = "test-app", "test-app\test-app.csproj", "{F6E24B6B-9614-49A1-8FC4-F1C34F479C3F}"
EndProject
Global
	GlobalSection(SolutionConfigurationPlatforms) = preSolution
		Debug|Any CPU = Debug|Any CPU
		Release|Any CPU = Release|Any CPU
	EndGlobalSection
	GlobalSection(ProjectConfigurationPlatforms) = postSolution
		{8F9645F7-3810-4C22-A2E6-0F46EA36DEFE}.Debug|Any CPU.ActiveCfg = Debug|Any CPU
		{8F9645F7-3810-4C22-A2E6-0F46EA36DEFE}.Debug|Any CPU.Build.0 = Debug|Any CPU
		{8F9645F7-3810-4C22-A2E6-0F46EA36DEFE}.Release|Any CPU.ActiveCfg = Release|Any CPU
		{8F9645F7-3810-4C22-A2E6-0F46EA36DEFE}.Release|Any CPU.Build.0 = Release|Any CPU
		{F6E24B6B-9614-49A1-8FC4-F1C34F479C3F}.Debug|Any CPU.ActiveCfg = Debug|Any CPU
		{F6E24B6B-9614-49A1-8FC4-F1C34F479C3F}.Debug|Any CPU.Build.0 = Debug|Any CPU
		{F6E24B6B-9614-49A1-8FC4-F1C34F479C3F}.Release|Any CPU.ActiveCfg = Release|Any CPU
		{F6E24B6B-9614-49A1-8FC4-F1C34F479C3F}.Release|Any CPU.Build.0 = Release|Any CPU
	EndGlobalSection
	GlobalSection(SolutionProperties) = preSolution
		HideSolutionNode = FALSE
	EndGlobalSection
	GlobalSection(NestedProjects) = preSolution
		{8F9645F7-3810-4C22-A2E6-0F46EA36DEFE} = {C62A48C2-F20A-4DC8-AB00-426ECDE2BA4B}
	EndGlobalSection
	GlobalSection(ExtensibilityGlobals) = postSolution
		SolutionGuid = {861D989D-70CD-4C33-9F4D-4CF7FE9A43D8}
	EndGlobalSection
EndGlobal
